{
  "name": "sff.life",
  "version": "0.1.0",
  "lockfileVersion": 1,
  "requires": true,
  "dependencies": {
    "sanitize.css": {
      "version": "11.0.1",
      "resolved": "https://registry.npmjs.org/sanitize.css/-/sanitize.css-11.0.1.tgz",
      "integrity": "sha512-Q762QXJGHIyFLayll6zUueGKslmGxNpbEDpSB/sdaZ9Xgz+v6AYlVc5P49sorc9cPR9y47npHBfXswGo1I32tg=="
    }
  }
}
